
Microsoft Visual Studio Solution File, Format Version 12.00
# Visual Studio 15
VisualStudioVersion = 15.0.28010.2016
MinimumVisualStudioVersion = 10.0.40219.1
Project("{FAE04EC0-301F-11D3-BF4B-00C04F79EFBC}") = "Adventure", "Adventure\Adventure.csproj", "{1FC30341-30EF-436D-B1EA-E2F8745391D5}"
EndProject
Global
	GlobalSection(SolutionConfigurationPlatforms) = preSolution
		Debug|Any CPU = Debug|Any CPU
		Release|Any CPU = Release|Any CPU
	EndGlobalSection
	GlobalSection(ProjectConfigurationPlatforms) = postSolution
		{1FC30341-30EF-436D-B1EA-E2F8745391D5}.Debug|Any CPU.ActiveCfg = Debug|Any CPU
		{1FC30341-30EF-436D-B1EA-E2F8745391D5}.Debug|Any CPU.Build.0 = Debug|Any CPU
		{1FC30341-30EF-436D-B1EA-E2F8745391D5}.Release|Any CPU.ActiveCfg = Release|Any CPU
		{1FC30341-30EF-436D-B1EA-E2F8745391D5}.Release|Any CPU.Build.0 = Release|Any CPU
	EndGlobalSection
	GlobalSection(SolutionProperties) = preSolution
		HideSolutionNode = FALSE
	EndGlobalSection
	GlobalSection(ExtensibilityGlobals) = postSolution
		SolutionGuid = {DC89054F-DCDE-436D-ACAE-CADD7F63C34B}
	EndGlobalSection
EndGlobal
